{
    "name": "rbxts-transformer-switchcase_example",
    "version": "1.0.0",
    "lockfileVersion": 2,
    "requires": true,
    "packages": {
        "": {
            "name": "rbxts-transformer-switchcase_example",
            "version": "1.0.0",
            "license": "ISC",
            "devDependencies": {
                "@rbxts/compiler-types": "^2.0.4-types.0",
                "@rbxts/services": "^1.5.1",
                "@rbxts/types": "^1.0.647",
                "rbxts-transformer-switchcase": "file:..",
                "typescript": "^4.9.3"
            }
        },
        "..": {
            "name": "rbxts-transformer-switchcase",
            "version": "1.0.0",
            "dev": true,
            "license": "MPL-2.0",
            "dependencies": {
                "typescript": "=4.8.3"
            },
            "devDependencies": {
                "@types/jasmine": "^4.3.0",
                "@types/node": "^16.14.0",
                "jasmine": "^4.5.0",
                "jasmine-console-reporter": "^3.1.0",
                "ts-expose-internals": "^4.8.4",
                "ts-node": "^10.9.1"
            }
        },
        "node_modules/@rbxts/compiler-types": {
            "version": "2.0.4-types.0",
            "resolved": "https://registry.npmjs.org/@rbxts/compiler-types/-/compiler-types-2.0.4-types.0.tgz",
            "integrity": "sha512-kRdXA7RzIUnLrQhjvVLQ//9Nwfndlui43Frqg3k8xrPVz+QJNIqzwx6LHLSwq4c1OBZpYcGgUWIQJkuKxwlskA==",
            "dev": true
        },
        "node_modules/@rbxts/services": {
            "version": "1.5.1",
            "resolved": "https://registry.npmjs.org/@rbxts/services/-/services-1.5.1.tgz",
            "integrity": "sha512-SRtfIjga0K4YYSXRpK+eH3kcTq7ZXo9OHOt0jszaOOoEOIJloMGlyuRPqesPHyhveh2AMXAZr3TYbRMSD+u+kQ==",
            "dev": true
        },
        "node_modules/@rbxts/types": {
            "version": "1.0.647",
            "resolved": "https://registry.npmjs.org/@rbxts/types/-/types-1.0.647.tgz",
            "integrity": "sha512-PCBQNTc/k7vjAFgJB7Z3ixFSAxbTQrb6Klc8mWElPlcO9UxQ7Juxjdv0StYEqZ0dzqktaBSdTQJLtCXoqYVNPg==",
            "dev": true
        },
        "node_modules/rbxts-transformer-switchcase": {
            "resolved": "..",
            "link": true
        },
        "node_modules/typescript": {
            "version": "4.9.3",
            "resolved": "https://registry.npmjs.org/typescript/-/typescript-4.9.3.tgz",
            "integrity": "sha512-CIfGzTelbKNEnLpLdGFgdyKhG23CKdKgQPOBc+OUNrkJ2vr+KSzsSV5kq5iWhEQbok+quxgGzrAtGWCyU7tHnA==",
            "dev": true,
            "bin": {
                "tsc": "bin/tsc",
                "tsserver": "bin/tsserver"
            },
            "engines": {
                "node": ">=4.2.0"
            }
        }
    },
    "dependencies": {
        "@rbxts/compiler-types": {
            "version": "2.0.4-types.0",
            "resolved": "https://registry.npmjs.org/@rbxts/compiler-types/-/compiler-types-2.0.4-types.0.tgz",
            "integrity": "sha512-kRdXA7RzIUnLrQhjvVLQ//9Nwfndlui43Frqg3k8xrPVz+QJNIqzwx6LHLSwq4c1OBZpYcGgUWIQJkuKxwlskA==",
            "dev": true
        },
        "@rbxts/services": {
            "version": "1.5.1",
            "resolved": "https://registry.npmjs.org/@rbxts/services/-/services-1.5.1.tgz",
            "integrity": "sha512-SRtfIjga0K4YYSXRpK+eH3kcTq7ZXo9OHOt0jszaOOoEOIJloMGlyuRPqesPHyhveh2AMXAZr3TYbRMSD+u+kQ==",
            "dev": true
        },
        "@rbxts/types": {
            "version": "1.0.647",
            "resolved": "https://registry.npmjs.org/@rbxts/types/-/types-1.0.647.tgz",
            "integrity": "sha512-PCBQNTc/k7vjAFgJB7Z3ixFSAxbTQrb6Klc8mWElPlcO9UxQ7Juxjdv0StYEqZ0dzqktaBSdTQJLtCXoqYVNPg==",
            "dev": true
        },
        "rbxts-transformer-switchcase": {
            "version": "file:..",
            "requires": {
                "@types/jasmine": "^4.3.0",
                "@types/node": "^16.14.0",
                "jasmine": "^4.5.0",
                "jasmine-console-reporter": "^3.1.0",
                "ts-expose-internals": "^4.8.4",
                "ts-node": "^10.9.1",
                "typescript": "=4.8.3"
            }
        },
        "typescript": {
            "version": "4.9.3",
            "resolved": "https://registry.npmjs.org/typescript/-/typescript-4.9.3.tgz",
            "integrity": "sha512-CIfGzTelbKNEnLpLdGFgdyKhG23CKdKgQPOBc+OUNrkJ2vr+KSzsSV5kq5iWhEQbok+quxgGzrAtGWCyU7tHnA==",
            "dev": true
        }
    }
}
